// !$*UTF8*$!
{
	archiveVersion = 1;
	classes = {
	};
	objectVersion = 46;
	objects = {

/* Begin PBXBuildFile section */
		BF6AE7371DD342CC00562BF1 /* main.c in Sources */ = {isa = PBXBuildFile; fileRef = BF6AE7341DD342CC00562BF1 /* main.c */; };
		BF6AE7381DD342CC00562BF1 /* solution.c in Sources */ = {isa = PBXBuildFile; fileRef = BF6AE7351DD342CC00562BF1 /* solution.c */; };
/* End PBXBuildFile section */

/* Begin PBXCopyFilesBuildPhase section */
		BF6AE7231DD3423A00562BF1 /* CopyFiles */ = {
			isa = PBXCopyFilesBuildPhase;
			buildActionMask = 2147483647;
			dstPath = /usr/share/man/man1/;
			dstSubfolderSpec = 0;
			files = (
			);
			runOnlyForDeploymentPostprocessing = 1;
		};
/* End PBXCopyFilesBuildPhase section */

/* Begin PBXFileReference section */
		BF6AE7251DD3423A00562BF1 /* Lab1 */ = {isa = PBXFileReference; explicitFileType = "compiled.mach-o.executable"; includeInIndex = 0; path = Lab1; sourceTree = BUILT_PRODUCTS_DIR; };
		BF6AE7341DD342CC00562BF1 /* main.c */ = {isa = PBXFileReference; fileEncoding = 4; lastKnownFileType = sourcecode.c.c; path = main.c; sourceTree = "<group>"; };
		BF6AE7351DD342CC00562BF1 /* solution.c */ = {isa = PBXFileReference; fileEncoding = 4; lastKnownFileType = sourcecode.c.c; path = solution.c; sourceTree = "<group>"; };
		BF6AE7361DD342CC00562BF1 /* solution.h */ = {isa = PBXFileReference; fileEncoding = 4; lastKnownFileType = sourcecode.c.h; path = solution.h; sourceTree = "<group>"; };
/* End PBXFileReference section */

/* Begin PBXFrameworksBuildPhase section */
		BF6AE7221DD3423A00562BF1 /* Frameworks */ = {
			isa = PBXFrameworksBuildPhase;
			buildActionMask = 2147483647;
			files = (
			);
			runOnlyForDeploymentPostprocessing = 0;
		};
/* End PBXFrameworksBuildPhase section */

/* Begin PBXGroup section */
		BF6AE71C1DD3423A00562BF1 = {
			isa = PBXGroup;
			children = (
				BF6AE7271DD3423A00562BF1 /* Lab1 */,
				BF6AE7261DD3423A00562BF1 /* Products */,
			);
			sourceTree = "<group>";
		};
		BF6AE7261DD3423A00562BF1 /* Products */ = {
			isa = PBXGroup;
			children = (
				BF6AE7251DD3423A00562BF1 /* Lab1 */,
			);
			name = Products;
			sourceTree = "<group>";
		};
		BF6AE7271DD3423A00562BF1 /* Lab1 */ = {
			isa = PBXGroup;
			children = (
				BF6AE7341DD342CC00562BF1 /* main.c */,
				BF6AE7351DD342CC00562BF1 /* solution.c */,
				BF6AE7361DD342CC00562BF1 /* solution.h */,
			);
			path = Lab1;
			sourceTree = "<group>";
		};
/* End PBXGroup section */

/* Begin PBXNativeTarget section */
		BF6AE7241DD3423A00562BF1 /* Lab1 */ = {
			isa = PBXNativeTarget;
			buildConfigurationList = BF6AE72C1DD3423A00562BF1 /* Build configuration list for PBXNativeTarget "Lab1" */;
			buildPhases = (
				BF6AE7211DD3423A00562BF1 /* Sources */,
				BF6AE7221DD3423A00562BF1 /* Frameworks */,
				BF6AE7231DD3423A00562BF1 /* CopyFiles */,
			);
			buildRules = (
			);
			dependencies = (
			);
			name = Lab1;
			productName = Lab1;
			productReference = BF6AE7251DD3423A00562BF1 /* Lab1 */;
			productType = "com.apple.product-type.tool";
		};
/* End PBXNativeTarget section */

/* Begin PBXProject section */
		BF6AE71D1DD3423A00562BF1 /* Project object */ = {
			isa = PBXProject;
			attributes = {
				LastUpgradeCheck = 0810;
				ORGANIZATIONNAME = "JOAQUIN DURO ARRIBAS";
				TargetAttributes = {
					BF6AE7241DD3423A00562BF1 = {
						CreatedOnToolsVersion = 8.1;
						ProvisioningStyle = Automatic;
					};
				};
			};
			buildConfigurationList = BF6AE7201DD3423A00562BF1 /* Build configuration list for PBXProject "Lab1" */;
			compatibilityVersion = "Xcode 3.2";
			developmentRegion = English;
			hasScannedForEncodings = 0;
			knownRegions = (
				en,
			);
			mainGroup = BF6AE71C1DD3423A00562BF1;
			productRefGroup = BF6AE7261DD3423A00562BF1 /* Products */;
			projectDirPath = "";
			projectRoot = "";
			targets = (
				BF6AE7241DD3423A00562BF1 /* Lab1 */,
			);
		};
/* End PBXProject section */

/* Begin PBXSourcesBuildPhase section */
		BF6AE7211DD3423A00562BF1 /* Sources */ = {
			isa = PBXSourcesBuildPhase;
			buildActionMask = 2147483647;
			files = (
				BF6AE7381DD342CC00562BF1 /* solution.c in Sources */,
				BF6AE7371DD342CC00562BF1 /* main.c in Sources */,
			);
			runOnlyForDeploymentPostprocessing = 0;
		};
/* End PBXSourcesBuildPhase section */

/* Begin XCBuildConfiguration section */
		BF6AE72A1DD3423A00562BF1 /* Debug */ = {
			isa = XCBuildConfiguration;
			buildSettings = {
				ALWAYS_SEARCH_USER_PATHS = NO;
				CLANG_ANALYZER_NONNULL = YES;
				CLANG_CXX_LANGUAGE_STANDARD = "gnu++0x";
				CLANG_CXX_LIBRARY = "libc++";
				CLANG_ENABLE_MODULES = YES;
				CLANG_ENABLE_OBJC_ARC = YES;
				CLANG_WARN_BOOL_CONVERSION = YES;
				CLANG_WARN_CONSTANT_CONVERSION = YES;
				CLANG_WARN_DIRECT_OBJC_ISA_USAGE = YES_ERROR;
				CLANG_WARN_DOCUMENTATION_COMMENTS = YES;
				CLANG_WARN_EMPTY_BODY = YES;
				CLANG_WARN_ENUM_CONVERSION = YES;
				CLANG_WARN_INFINITE_RECURSION = YES;
				CLANG_WARN_INT_CONVERSION = YES;
				CLANG_WARN_OBJC_ROOT_CLASS = YES_ERROR;
				CLANG_WARN_SUSPICIOUS_MOVES = YES;
				CLANG_WARN_UNREACHABLE_CODE = YES;
				CLANG_WARN__DUPLICATE_METHOD_MATCH = YES;
				CODE_SIGN_IDENTITY = "-";
				COPY_PHASE_STRIP = NO;
				DEBUG_INFORMATION_FORMAT = dwarf;
				ENABLE_STRICT_OBJC_MSGSEND = YES;
				ENABLE_TESTABILITY = YES;
				GCC_C_LANGUAGE_STANDARD = gnu99;
				GCC_DYNAMIC_NO_PIC = NO;
				GCC_NO_COMMON_BLOCKS = YES;
				GCC_OPTIMIZATION_LEVEL = 0;
				GCC_PREPROCESSOR_DEFINITIONS = (
					"DEBUG=1",
					"$(inherited)",
				);
				GCC_WARN_64_TO_32_BIT_CONVERSION = YES;
				GCC_WARN_ABOUT_RETURN_TYPE = YES_ERROR;
				GCC_WARN_UNDECLARED_SELECTOR = YES;
				GCC_WARN_UNINITIALIZED_AUTOS = YES_AGGRESSIVE;
				GCC_WARN_UNUSED_FUNCTION = YES;
				GCC_WARN_UNUSED_VARIABLE = YES;
				MACOSX_DEPLOYMENT_TARGET = 10.12;
				MTL_ENABLE_DEBUG_INFO = YES;
				ONLY_ACTIVE_ARCH = YES;
				SDKROOT = macosx;
			};
			name = Debug;
		};
		BF6AE72B1DD3423A00562BF1 /* Release */ = {
			isa = XCBuildConfiguration;
			buildSettings = {
				ALWAYS_SEARCH_USER_PATHS = NO;
				CLANG_ANALYZER_NONNULL = YES;
				CLANG_CXX_LANGUAGE_STANDARD = "gnu++0x";
				CLANG_CXX_LIBRARY = "libc++";
				CLANG_ENABLE_MODULES = YES;
				CLANG_ENABLE_OBJC_ARC = YES;
				CLANG_WARN_BOOL_CONVERSION = YES;
				CLANG_WARN_CONSTANT_CONVERSION = YES;
				CLANG_WARN_DIRECT_OBJC_ISA_USAGE = YES_ERROR;
				CLANG_WARN_DOCUMENTATION_COMMENTS = YES;
				CLANG_WARN_EMPTY_BODY = YES;
				CLANG_WARN_ENUM_CONVERSION = YES;
				CLANG_WARN_INFINITE_RECURSION = YES;
				CLANG_WARN_INT_CONVERSION = YES;
				CLANG_WARN_OBJC_ROOT_CLASS = YES_ERROR;
				CLANG_WARN_SUSPICIOUS_MOVES = YES;
				CLANG_WARN_UNREACHABLE_CODE = YES;
				CLANG_WARN__DUPLICATE_METHOD_MATCH = YES;
				CODE_SIGN_IDENTITY = "-";
				COPY_PHASE_STRIP = NO;
				DEBUG_INFORMATION_FORMAT = "dwarf-with-dsym";
				ENABLE_NS_ASSERTIONS = NO;
				ENABLE_STRICT_OBJC_MSGSEND = YES;
				GCC_C_LANGUAGE_STANDARD = gnu99;
				GCC_NO_COMMON_BLOCKS = YES;
				GCC_WARN_64_TO_32_BIT_CONVERSION = YES;
				GCC_WARN_ABOUT_RETURN_TYPE = YES_ERROR;
				GCC_WARN_UNDECLARED_SELECTOR = YES;
				GCC_WARN_UNINITIALIZED_AUTOS = YES_AGGRESSIVE;
				GCC_WARN_UNUSED_FUNCTION = YES;
				GCC_WARN_UNUSED_VARIABLE = YES;
				MACOSX_DEPLOYMENT_TARGET = 10.12;
				MTL_ENABLE_DEBUG_INFO = NO;
				SDKROOT = macosx;
			};
			name = Release;
		};
		BF6AE72D1DD3423A00562BF1 /* Debug */ = {
			isa = XCBuildConfiguration;
			buildSettings = {
				OTHER_CFLAGS = "-Wno-deprecated";
				PRODUCT_NAME = "$(TARGET_NAME)";
			};
			name = Debug;
		};
		BF6AE72E1DD3423A00562BF1 /* Release */ = {
			isa = XCBuildConfiguration;
			buildSettings = {
				OTHER_CFLAGS = "-Wno-deprecated";
				PRODUCT_NAME = "$(TARGET_NAME)";
			};
			name = Release;
		};
/* End XCBuildConfiguration section */

/* Begin XCConfigurationList section */
		BF6AE7201DD3423A00562BF1 /* Build configuration list for PBXProject "Lab1" */ = {
			isa = XCConfigurationList;
			buildConfigurations = (
				BF6AE72A1DD3423A00562BF1 /* Debug */,
				BF6AE72B1DD3423A00562BF1 /* Release */,
			);
			defaultConfigurationIsVisible = 0;
			defaultConfigurationName = Release;
		};
		BF6AE72C1DD3423A00562BF1 /* Build configuration list for PBXNativeTarget "Lab1" */ = {
			isa = XCConfigurationList;
			buildConfigurations = (
				BF6AE72D1DD3423A00562BF1 /* Debug */,
				BF6AE72E1DD3423A00562BF1 /* Release */,
			);
			defaultConfigurationIsVisible = 0;
		};
/* End XCConfigurationList section */
	};
	rootObject = BF6AE71D1DD3423A00562BF1 /* Project object */;
}
